
Microsoft Visual Studio Solution File, Format Version 12.00
# Visual Studio Version 17
VisualStudioVersion = 17.0.31903.59
MinimumVisualStudioVersion = 10.0.40219.1
Project("{FAE04EC0-301F-11D3-BF4B-00C04F79EFBC}") = "Project1", "Project1\Project1.csproj", "{77D0C1C7-A06B-4E05-9458-873709BD4BFD}"
EndProject
Project("{2150E333-8FDC-42A3-9474-1A3956D46DE8}") = "Day1", "Day1", "{44C682DF-E1C9-4394-813D-0CB989CD9262}"
EndProject
Project("{FAE04EC0-301F-11D3-BF4B-00C04F79EFBC}") = "Project2", "Project2\Project2.csproj", "{AA5CB577-831E-40F5-AABD-AFF7C56F8A57}"
EndProject
Global
	GlobalSection(SolutionConfigurationPlatforms) = preSolution
		Debug|Any CPU = Debug|Any CPU
		Release|Any CPU = Release|Any CPU
	EndGlobalSection
	GlobalSection(SolutionProperties) = preSolution
		HideSolutionNode = FALSE
	EndGlobalSection
	GlobalSection(ProjectConfigurationPlatforms) = postSolution
		{77D0C1C7-A06B-4E05-9458-873709BD4BFD}.Debug|Any CPU.ActiveCfg = Debug|Any CPU
		{77D0C1C7-A06B-4E05-9458-873709BD4BFD}.Debug|Any CPU.Build.0 = Debug|Any CPU
		{77D0C1C7-A06B-4E05-9458-873709BD4BFD}.Release|Any CPU.ActiveCfg = Release|Any CPU
		{77D0C1C7-A06B-4E05-9458-873709BD4BFD}.Release|Any CPU.Build.0 = Release|Any CPU
		{AA5CB577-831E-40F5-AABD-AFF7C56F8A57}.Debug|Any CPU.ActiveCfg = Debug|Any CPU
		{AA5CB577-831E-40F5-AABD-AFF7C56F8A57}.Debug|Any CPU.Build.0 = Debug|Any CPU
		{AA5CB577-831E-40F5-AABD-AFF7C56F8A57}.Release|Any CPU.ActiveCfg = Release|Any CPU
		{AA5CB577-831E-40F5-AABD-AFF7C56F8A57}.Release|Any CPU.Build.0 = Release|Any CPU
	EndGlobalSection
	GlobalSection(NestedProjects) = preSolution
		{AA5CB577-831E-40F5-AABD-AFF7C56F8A57} = {44C682DF-E1C9-4394-813D-0CB989CD9262}
		{77D0C1C7-A06B-4E05-9458-873709BD4BFD} = {44C682DF-E1C9-4394-813D-0CB989CD9262}
	EndGlobalSection
EndGlobal
