
Microsoft Visual Studio Solution File, Format Version 12.00
# Visual Studio Version 17
VisualStudioVersion = 17.0.31903.59
MinimumVisualStudioVersion = 10.0.40219.1
Project("{FAE04EC0-301F-11D3-BF4B-00C04F79EFBC}") = "Project1", "W1 D1\Project1\Project1.csproj", "{77D0C1C7-A06B-4E05-9458-873709BD4BFD}"
EndProject
Project("{2150E333-8FDC-42A3-9474-1A3956D46DE8}") = "Day1", "Day1", "{44C682DF-E1C9-4394-813D-0CB989CD9262}"
EndProject
Project("{FAE04EC0-301F-11D3-BF4B-00C04F79EFBC}") = "Project2", "W1 D1\Project2\Project2.csproj", "{AA5CB577-831E-40F5-AABD-AFF7C56F8A57}"
EndProject
Project("{FAE04EC0-301F-11D3-BF4B-00C04F79EFBC}") = "Constructor", "W1 D2\Constructor\Constructor.csproj", "{1A0A5FD8-8FC2-4ECA-8EB0-BAC6DF70E7BF}"
EndProject
Project("{2150E333-8FDC-42A3-9474-1A3956D46DE8}") = "Day2", "Day2", "{0458C07F-2B31-4DB7-97E4-315800A0B2C0}"
EndProject
Project("{FAE04EC0-301F-11D3-BF4B-00C04F79EFBC}") = "ClassObject", "W1 D2\ClassObject\ClassObject.csproj", "{CAFB081F-E8AC-4A0F-A9EA-EE641A5254A8}"
EndProject
Project("{FAE04EC0-301F-11D3-BF4B-00C04F79EFBC}") = "Inheritance", "W1 D2\Inheritance\Inheritance.csproj", "{F934B55C-79B7-4C89-929E-1651D392E609}"
EndProject
Project("{FAE04EC0-301F-11D3-BF4B-00C04F79EFBC}") = "Interface", "W1 D2\Interface\Interface.csproj", "{9CAF1E8C-A9B8-45AF-A457-C8A5010A5772}"
EndProject
Project("{FAE04EC0-301F-11D3-BF4B-00C04F79EFBC}") = "Encapsulation", "W1 D2\Encapsulation\Encapsulation.csproj", "{36234DA2-59A9-48C9-B564-EC6C19620F03}"
EndProject
Project("{2150E333-8FDC-42A3-9474-1A3956D46DE8}") = "Day3", "Day3", "{7892F519-CF95-407D-823E-C912E3E8BFAA}"
EndProject
Project("{FAE04EC0-301F-11D3-BF4B-00C04F79EFBC}") = "Override", "W1 D3\Polymorphism\Override\Override.csproj", "{D78A1557-DB30-434F-9D40-35160A4DAF90}"
EndProject
Project("{FAE04EC0-301F-11D3-BF4B-00C04F79EFBC}") = "TypeCasting", "TypeCasting\TypeCasting.csproj", "{5275FE71-3F2C-449D-8A07-CE4D9D6FECAD}"
EndProject
Project("{FAE04EC0-301F-11D3-BF4B-00C04F79EFBC}") = "MethodHiding", "MethodHiding\MethodHiding.csproj", "{45977EB2-1F92-4A88-85CE-EED6715911C4}"
EndProject
Project("{FAE04EC0-301F-11D3-BF4B-00C04F79EFBC}") = "InterfaceSeggregation", "InterfaceSeggregation\InterfaceSeggregation.csproj", "{BD82992B-A5BB-46B3-8F43-86151B8D1101}"
EndProject
Global
	GlobalSection(SolutionConfigurationPlatforms) = preSolution
		Debug|Any CPU = Debug|Any CPU
		Release|Any CPU = Release|Any CPU
	EndGlobalSection
	GlobalSection(SolutionProperties) = preSolution
		HideSolutionNode = FALSE
	EndGlobalSection
	GlobalSection(ProjectConfigurationPlatforms) = postSolution
		{77D0C1C7-A06B-4E05-9458-873709BD4BFD}.Debug|Any CPU.ActiveCfg = Debug|Any CPU
		{77D0C1C7-A06B-4E05-9458-873709BD4BFD}.Debug|Any CPU.Build.0 = Debug|Any CPU
		{77D0C1C7-A06B-4E05-9458-873709BD4BFD}.Release|Any CPU.ActiveCfg = Release|Any CPU
		{77D0C1C7-A06B-4E05-9458-873709BD4BFD}.Release|Any CPU.Build.0 = Release|Any CPU
		{AA5CB577-831E-40F5-AABD-AFF7C56F8A57}.Debug|Any CPU.ActiveCfg = Debug|Any CPU
		{AA5CB577-831E-40F5-AABD-AFF7C56F8A57}.Debug|Any CPU.Build.0 = Debug|Any CPU
		{AA5CB577-831E-40F5-AABD-AFF7C56F8A57}.Release|Any CPU.ActiveCfg = Release|Any CPU
		{AA5CB577-831E-40F5-AABD-AFF7C56F8A57}.Release|Any CPU.Build.0 = Release|Any CPU
		{1A0A5FD8-8FC2-4ECA-8EB0-BAC6DF70E7BF}.Debug|Any CPU.ActiveCfg = Debug|Any CPU
		{1A0A5FD8-8FC2-4ECA-8EB0-BAC6DF70E7BF}.Debug|Any CPU.Build.0 = Debug|Any CPU
		{1A0A5FD8-8FC2-4ECA-8EB0-BAC6DF70E7BF}.Release|Any CPU.ActiveCfg = Release|Any CPU
		{1A0A5FD8-8FC2-4ECA-8EB0-BAC6DF70E7BF}.Release|Any CPU.Build.0 = Release|Any CPU
		{CAFB081F-E8AC-4A0F-A9EA-EE641A5254A8}.Debug|Any CPU.ActiveCfg = Debug|Any CPU
		{CAFB081F-E8AC-4A0F-A9EA-EE641A5254A8}.Debug|Any CPU.Build.0 = Debug|Any CPU
		{CAFB081F-E8AC-4A0F-A9EA-EE641A5254A8}.Release|Any CPU.ActiveCfg = Release|Any CPU
		{CAFB081F-E8AC-4A0F-A9EA-EE641A5254A8}.Release|Any CPU.Build.0 = Release|Any CPU
		{F934B55C-79B7-4C89-929E-1651D392E609}.Debug|Any CPU.ActiveCfg = Debug|Any CPU
		{F934B55C-79B7-4C89-929E-1651D392E609}.Debug|Any CPU.Build.0 = Debug|Any CPU
		{F934B55C-79B7-4C89-929E-1651D392E609}.Release|Any CPU.ActiveCfg = Release|Any CPU
		{F934B55C-79B7-4C89-929E-1651D392E609}.Release|Any CPU.Build.0 = Release|Any CPU
		{9CAF1E8C-A9B8-45AF-A457-C8A5010A5772}.Debug|Any CPU.ActiveCfg = Debug|Any CPU
		{9CAF1E8C-A9B8-45AF-A457-C8A5010A5772}.Debug|Any CPU.Build.0 = Debug|Any CPU
		{9CAF1E8C-A9B8-45AF-A457-C8A5010A5772}.Release|Any CPU.ActiveCfg = Release|Any CPU
		{9CAF1E8C-A9B8-45AF-A457-C8A5010A5772}.Release|Any CPU.Build.0 = Release|Any CPU
		{36234DA2-59A9-48C9-B564-EC6C19620F03}.Debug|Any CPU.ActiveCfg = Debug|Any CPU
		{36234DA2-59A9-48C9-B564-EC6C19620F03}.Debug|Any CPU.Build.0 = Debug|Any CPU
		{36234DA2-59A9-48C9-B564-EC6C19620F03}.Release|Any CPU.ActiveCfg = Release|Any CPU
		{36234DA2-59A9-48C9-B564-EC6C19620F03}.Release|Any CPU.Build.0 = Release|Any CPU
		{D78A1557-DB30-434F-9D40-35160A4DAF90}.Debug|Any CPU.ActiveCfg = Debug|Any CPU
		{D78A1557-DB30-434F-9D40-35160A4DAF90}.Debug|Any CPU.Build.0 = Debug|Any CPU
		{D78A1557-DB30-434F-9D40-35160A4DAF90}.Release|Any CPU.ActiveCfg = Release|Any CPU
		{D78A1557-DB30-434F-9D40-35160A4DAF90}.Release|Any CPU.Build.0 = Release|Any CPU
		{5275FE71-3F2C-449D-8A07-CE4D9D6FECAD}.Debug|Any CPU.ActiveCfg = Debug|Any CPU
		{5275FE71-3F2C-449D-8A07-CE4D9D6FECAD}.Debug|Any CPU.Build.0 = Debug|Any CPU
		{5275FE71-3F2C-449D-8A07-CE4D9D6FECAD}.Release|Any CPU.ActiveCfg = Release|Any CPU
		{5275FE71-3F2C-449D-8A07-CE4D9D6FECAD}.Release|Any CPU.Build.0 = Release|Any CPU
		{45977EB2-1F92-4A88-85CE-EED6715911C4}.Debug|Any CPU.ActiveCfg = Debug|Any CPU
		{45977EB2-1F92-4A88-85CE-EED6715911C4}.Debug|Any CPU.Build.0 = Debug|Any CPU
		{45977EB2-1F92-4A88-85CE-EED6715911C4}.Release|Any CPU.ActiveCfg = Release|Any CPU
		{45977EB2-1F92-4A88-85CE-EED6715911C4}.Release|Any CPU.Build.0 = Release|Any CPU
		{BD82992B-A5BB-46B3-8F43-86151B8D1101}.Debug|Any CPU.ActiveCfg = Debug|Any CPU
		{BD82992B-A5BB-46B3-8F43-86151B8D1101}.Debug|Any CPU.Build.0 = Debug|Any CPU
		{BD82992B-A5BB-46B3-8F43-86151B8D1101}.Release|Any CPU.ActiveCfg = Release|Any CPU
		{BD82992B-A5BB-46B3-8F43-86151B8D1101}.Release|Any CPU.Build.0 = Release|Any CPU
	EndGlobalSection
	GlobalSection(NestedProjects) = preSolution
		{BD82992B-A5BB-46B3-8F43-86151B8D1101} = {7892F519-CF95-407D-823E-C912E3E8BFAA}
		{45977EB2-1F92-4A88-85CE-EED6715911C4} = {7892F519-CF95-407D-823E-C912E3E8BFAA}
		{5275FE71-3F2C-449D-8A07-CE4D9D6FECAD} = {7892F519-CF95-407D-823E-C912E3E8BFAA}
		{D78A1557-DB30-434F-9D40-35160A4DAF90} = {7892F519-CF95-407D-823E-C912E3E8BFAA}
		{36234DA2-59A9-48C9-B564-EC6C19620F03} = {0458C07F-2B31-4DB7-97E4-315800A0B2C0}
		{9CAF1E8C-A9B8-45AF-A457-C8A5010A5772} = {0458C07F-2B31-4DB7-97E4-315800A0B2C0}
		{F934B55C-79B7-4C89-929E-1651D392E609} = {0458C07F-2B31-4DB7-97E4-315800A0B2C0}
		{CAFB081F-E8AC-4A0F-A9EA-EE641A5254A8} = {0458C07F-2B31-4DB7-97E4-315800A0B2C0}
		{1A0A5FD8-8FC2-4ECA-8EB0-BAC6DF70E7BF} = {0458C07F-2B31-4DB7-97E4-315800A0B2C0}
		{AA5CB577-831E-40F5-AABD-AFF7C56F8A57} = {44C682DF-E1C9-4394-813D-0CB989CD9262}
		{77D0C1C7-A06B-4E05-9458-873709BD4BFD} = {44C682DF-E1C9-4394-813D-0CB989CD9262}
	EndGlobalSection
EndGlobal
