
Microsoft Visual Studio Solution File, Format Version 12.00
# Visual Studio Version 17
VisualStudioVersion = 17.0.31903.59
MinimumVisualStudioVersion = 10.0.40219.1
Project("{FAE04EC0-301F-11D3-BF4B-00C04F79EFBC}") = "Project1", "W1 D1\Project1\Project1.csproj", "{77D0C1C7-A06B-4E05-9458-873709BD4BFD}"
EndProject
Project("{2150E333-8FDC-42A3-9474-1A3956D46DE8}") = "W1 D1", "W1 D1", "{44C682DF-E1C9-4394-813D-0CB989CD9262}"
EndProject
Project("{FAE04EC0-301F-11D3-BF4B-00C04F79EFBC}") = "Project2", "W1 D1\Project2\Project2.csproj", "{AA5CB577-831E-40F5-AABD-AFF7C56F8A57}"
EndProject
Project("{FAE04EC0-301F-11D3-BF4B-00C04F79EFBC}") = "Constructor", "W1 D2\Constructor\Constructor.csproj", "{1A0A5FD8-8FC2-4ECA-8EB0-BAC6DF70E7BF}"
EndProject
Project("{2150E333-8FDC-42A3-9474-1A3956D46DE8}") = "W1 D2", "W1 D2", "{0458C07F-2B31-4DB7-97E4-315800A0B2C0}"
EndProject
Project("{FAE04EC0-301F-11D3-BF4B-00C04F79EFBC}") = "ClassObject", "W1 D2\ClassObject\ClassObject.csproj", "{CAFB081F-E8AC-4A0F-A9EA-EE641A5254A8}"
EndProject
Project("{FAE04EC0-301F-11D3-BF4B-00C04F79EFBC}") = "Inheritance", "W1 D2\Inheritance\Inheritance.csproj", "{F934B55C-79B7-4C89-929E-1651D392E609}"
EndProject
Project("{FAE04EC0-301F-11D3-BF4B-00C04F79EFBC}") = "Interface", "W1 D2\Interface\Interface.csproj", "{9CAF1E8C-A9B8-45AF-A457-C8A5010A5772}"
EndProject
Project("{FAE04EC0-301F-11D3-BF4B-00C04F79EFBC}") = "Encapsulation", "W1 D2\Encapsulation\Encapsulation.csproj", "{36234DA2-59A9-48C9-B564-EC6C19620F03}"
EndProject
Project("{2150E333-8FDC-42A3-9474-1A3956D46DE8}") = "W1 D3", "W1 D3", "{7892F519-CF95-407D-823E-C912E3E8BFAA}"
EndProject
Project("{FAE04EC0-301F-11D3-BF4B-00C04F79EFBC}") = "Override", "W1 D3\Polymorphism\Override\Override.csproj", "{D78A1557-DB30-434F-9D40-35160A4DAF90}"
EndProject
Project("{FAE04EC0-301F-11D3-BF4B-00C04F79EFBC}") = "TypeCasting", "W1 D3\TypeCasting\TypeCasting.csproj", "{5275FE71-3F2C-449D-8A07-CE4D9D6FECAD}"
EndProject
Project("{FAE04EC0-301F-11D3-BF4B-00C04F79EFBC}") = "MethodHiding", "W1 D3\MethodHiding\MethodHiding.csproj", "{45977EB2-1F92-4A88-85CE-EED6715911C4}"
EndProject
Project("{FAE04EC0-301F-11D3-BF4B-00C04F79EFBC}") = "InterfaceSegregation", "W1 D3\InterfaceSegregation\InterfaceSegregation.csproj", "{BD82992B-A5BB-46B3-8F43-86151B8D1101}"
EndProject
Project("{2150E333-8FDC-42A3-9474-1A3956D46DE8}") = "W1 D4", "W1 D4", "{A718291C-B218-4283-837F-43CF360568AC}"
EndProject
Project("{FAE04EC0-301F-11D3-BF4B-00C04F79EFBC}") = "AbstractClass", "W1 D4\AbstractClass\AbstractClass.csproj", "{AAF2C0DE-3EB1-4E94-B483-E34878CC2720}"
EndProject
Project("{FAE04EC0-301F-11D3-BF4B-00C04F79EFBC}") = "Static", "W1 D3\Static\Static.csproj", "{EB36E094-5E54-4F05-8EF2-2EDD48DE2628}"
EndProject
Project("{FAE04EC0-301F-11D3-BF4B-00C04F79EFBC}") = "TypeManipulation", "W1 D4\TypeManipulation\TypeManipulation.csproj", "{466DCC52-00BD-45AD-A9AD-DAF1B2A8638E}"
EndProject
Project("{FAE04EC0-301F-11D3-BF4B-00C04F79EFBC}") = "StringBuilder", "W1 D4\StringBuilder\StringBuilder.csproj", "{91ED9A40-142E-4F61-B823-3593C4EF260D}"
EndProject
Project("{FAE04EC0-301F-11D3-BF4B-00C04F79EFBC}") = "ExtensionMethod", "W1 D3\ExtensionMethod\ExtensionMethod.csproj", "{A0B88ABD-A76E-4052-94CD-6E49193F06D4}"
EndProject
Project("{2150E333-8FDC-42A3-9474-1A3956D46DE8}") = "W2 D1", "W2 D1", "{4AA51D7D-BA22-4F16-A2A3-8BD526E4CE19}"
EndProject
Project("{FAE04EC0-301F-11D3-BF4B-00C04F79EFBC}") = "Var", "W2 D1\Var\Var.csproj", "{B141138E-F2F7-43A5-8428-D542FF4BA07A}"
EndProject
Project("{FAE04EC0-301F-11D3-BF4B-00C04F79EFBC}") = "RefInOut", "W2 D1\RefInOut\RefInOut.csproj", "{9615C0D8-823A-4E69-935F-32F3F44EFB09}"
EndProject
Project("{FAE04EC0-301F-11D3-BF4B-00C04F79EFBC}") = "TypeChecking", "W2 D1\TypeChecking\TypeChecking.csproj", "{E12EE321-ADEF-4646-AF96-39D4CCCCAA49}"
EndProject
Project("{FAE04EC0-301F-11D3-BF4B-00C04F79EFBC}") = "Dynamic", "W2 D1\Dynamic\Dynamic.csproj", "{10651B10-C0D7-4805-8AA9-03F35502C415}"
EndProject
Project("{FAE04EC0-301F-11D3-BF4B-00C04F79EFBC}") = "BoxingUnboxing", "W2 D1\BoxingUnboxing\BoxingUnboxing.csproj", "{0D3E0858-A87D-4254-9192-25510F91A630}"
EndProject
Project("{FAE04EC0-301F-11D3-BF4B-00C04F79EFBC}") = "MoreRef", "W2 D1\MoreRef\MoreRef.csproj", "{C4365CA5-CA1C-47D8-89D8-C03E16A82144}"
EndProject
Project("{FAE04EC0-301F-11D3-BF4B-00C04F79EFBC}") = "Enum", "W2 D1\Enum\Enum.csproj", "{3B6CBE35-FC4D-4AFC-A6F9-09A7DB9B4378}"
EndProject
Project("{2150E333-8FDC-42A3-9474-1A3956D46DE8}") = "W2 D2", "W2 D2", "{747633C8-D663-4492-9F60-E01A9F09A1CA}"
EndProject
Project("{FAE04EC0-301F-11D3-BF4B-00C04F79EFBC}") = "GenericConstraints", "W2 D2\GenericConstraints\GenericConstraints.csproj", "{D134C540-432E-414B-82F4-72D084C20224}"
EndProject
Project("{FAE04EC0-301F-11D3-BF4B-00C04F79EFBC}") = "GenericCollection", "W2 D2\GenericCollection\GenericCollection.csproj", "{71C8B23F-6C05-4DE7-8ECA-5C4303AB402A}"
EndProject
Project("{FAE04EC0-301F-11D3-BF4B-00C04F79EFBC}") = "GenericClass", "W2 D2\GenericClass\GenericClass.csproj", "{367138CF-7021-4354-B364-6A674AA8E4D5}"
EndProject
Project("{FAE04EC0-301F-11D3-BF4B-00C04F79EFBC}") = "NonGenericCollection", "W2 D2\NonGenericCollection\NonGenericCollection.csproj", "{51504E3A-4A98-45D9-B64B-C657E7CC95B9}"
EndProject
Project("{FAE04EC0-301F-11D3-BF4B-00C04F79EFBC}") = "Delegate", "W2 D2\Delegate\Delegate.csproj", "{8CBF3A9D-D792-4ECC-92A3-0E2782673234}"
EndProject
Project("{FAE04EC0-301F-11D3-BF4B-00C04F79EFBC}") = "DelegatePubSub", "W2 D2\DelegatePubSub\DelegatePubSub.csproj", "{22303F7C-8C80-4381-AA31-D1A260E37F2F}"
EndProject
Project("{FAE04EC0-301F-11D3-BF4B-00C04F79EFBC}") = "DelegateReturnValue", "W2 D2\DelegateReturnValue\DelegateReturnValue.csproj", "{48A4309F-4E43-419D-8ECD-E8A441359E83}"
EndProject
Project("{2150E333-8FDC-42A3-9474-1A3956D46DE8}") = "W2 D3", "W2 D3", "{82AE1F6C-47FF-4067-89F3-87EBEFDA524C}"
EndProject
Project("{FAE04EC0-301F-11D3-BF4B-00C04F79EFBC}") = "EventHandler", "W2 D3\EventHandler\EventHandler.csproj", "{D5027177-A81C-44F1-9F12-7C7CDFB6C458}"
EndProject
Project("{FAE04EC0-301F-11D3-BF4B-00C04F79EFBC}") = "EventHandlerGeneric", "W2 D3\EventHandlerGeneric\EventHandlerGeneric.csproj", "{6A2EF45B-F734-4A5F-8D67-90443EB39056}"
EndProject
Project("{2150E333-8FDC-42A3-9474-1A3956D46DE8}") = "W2 D4", "W2 D4", "{1A43B032-6F8C-45F8-AFB2-916012D88630}"
EndProject
Project("{FAE04EC0-301F-11D3-BF4B-00C04F79EFBC}") = "DelegateFunc", "W2 D4\DelegateFunc\DelegateFunc.csproj", "{60D0B686-63FF-43E3-A62A-CB55AFA914FA}"
EndProject
Project("{FAE04EC0-301F-11D3-BF4B-00C04F79EFBC}") = "DelegateAction", "W2 D4\DelegateAction\DelegateAction.csproj", "{5A14F5E8-1C62-45A4-822B-8DA61A687489}"
EndProject
Project("{FAE04EC0-301F-11D3-BF4B-00C04F79EFBC}") = "DelegateLambdaExpression", "W2 D4\DelegateLambdaExpression\DelegateLambdaExpression.csproj", "{744CC343-6169-4C7E-9992-84320BE5C08D}"
EndProject
Project("{FAE04EC0-301F-11D3-BF4B-00C04F79EFBC}") = "ExceptionHandling", "W2 D4\ExceptionHandling\ExceptionHandling.csproj", "{89B79C54-44BA-4860-AF02-D31950149662}"
EndProject
Project("{FAE04EC0-301F-11D3-BF4B-00C04F79EFBC}") = "EnumerableEnumerator", "W2 D4\EnumerableEnumerator\EnumerableEnumerator.csproj", "{AEBF6DEB-938D-431D-86AE-E6318BF8454E}"
EndProject
Global
	GlobalSection(SolutionConfigurationPlatforms) = preSolution
		Debug|Any CPU = Debug|Any CPU
		Release|Any CPU = Release|Any CPU
	EndGlobalSection
	GlobalSection(ProjectConfigurationPlatforms) = postSolution
		{77D0C1C7-A06B-4E05-9458-873709BD4BFD}.Debug|Any CPU.ActiveCfg = Debug|Any CPU
		{77D0C1C7-A06B-4E05-9458-873709BD4BFD}.Debug|Any CPU.Build.0 = Debug|Any CPU
		{77D0C1C7-A06B-4E05-9458-873709BD4BFD}.Release|Any CPU.ActiveCfg = Release|Any CPU
		{77D0C1C7-A06B-4E05-9458-873709BD4BFD}.Release|Any CPU.Build.0 = Release|Any CPU
		{AA5CB577-831E-40F5-AABD-AFF7C56F8A57}.Debug|Any CPU.ActiveCfg = Debug|Any CPU
		{AA5CB577-831E-40F5-AABD-AFF7C56F8A57}.Debug|Any CPU.Build.0 = Debug|Any CPU
		{AA5CB577-831E-40F5-AABD-AFF7C56F8A57}.Release|Any CPU.ActiveCfg = Release|Any CPU
		{AA5CB577-831E-40F5-AABD-AFF7C56F8A57}.Release|Any CPU.Build.0 = Release|Any CPU
		{1A0A5FD8-8FC2-4ECA-8EB0-BAC6DF70E7BF}.Debug|Any CPU.ActiveCfg = Debug|Any CPU
		{1A0A5FD8-8FC2-4ECA-8EB0-BAC6DF70E7BF}.Debug|Any CPU.Build.0 = Debug|Any CPU
		{1A0A5FD8-8FC2-4ECA-8EB0-BAC6DF70E7BF}.Release|Any CPU.ActiveCfg = Release|Any CPU
		{1A0A5FD8-8FC2-4ECA-8EB0-BAC6DF70E7BF}.Release|Any CPU.Build.0 = Release|Any CPU
		{CAFB081F-E8AC-4A0F-A9EA-EE641A5254A8}.Debug|Any CPU.ActiveCfg = Debug|Any CPU
		{CAFB081F-E8AC-4A0F-A9EA-EE641A5254A8}.Debug|Any CPU.Build.0 = Debug|Any CPU
		{CAFB081F-E8AC-4A0F-A9EA-EE641A5254A8}.Release|Any CPU.ActiveCfg = Release|Any CPU
		{CAFB081F-E8AC-4A0F-A9EA-EE641A5254A8}.Release|Any CPU.Build.0 = Release|Any CPU
		{F934B55C-79B7-4C89-929E-1651D392E609}.Debug|Any CPU.ActiveCfg = Debug|Any CPU
		{F934B55C-79B7-4C89-929E-1651D392E609}.Debug|Any CPU.Build.0 = Debug|Any CPU
		{F934B55C-79B7-4C89-929E-1651D392E609}.Release|Any CPU.ActiveCfg = Release|Any CPU
		{F934B55C-79B7-4C89-929E-1651D392E609}.Release|Any CPU.Build.0 = Release|Any CPU
		{9CAF1E8C-A9B8-45AF-A457-C8A5010A5772}.Debug|Any CPU.ActiveCfg = Debug|Any CPU
		{9CAF1E8C-A9B8-45AF-A457-C8A5010A5772}.Debug|Any CPU.Build.0 = Debug|Any CPU
		{9CAF1E8C-A9B8-45AF-A457-C8A5010A5772}.Release|Any CPU.ActiveCfg = Release|Any CPU
		{9CAF1E8C-A9B8-45AF-A457-C8A5010A5772}.Release|Any CPU.Build.0 = Release|Any CPU
		{36234DA2-59A9-48C9-B564-EC6C19620F03}.Debug|Any CPU.ActiveCfg = Debug|Any CPU
		{36234DA2-59A9-48C9-B564-EC6C19620F03}.Debug|Any CPU.Build.0 = Debug|Any CPU
		{36234DA2-59A9-48C9-B564-EC6C19620F03}.Release|Any CPU.ActiveCfg = Release|Any CPU
		{36234DA2-59A9-48C9-B564-EC6C19620F03}.Release|Any CPU.Build.0 = Release|Any CPU
		{D78A1557-DB30-434F-9D40-35160A4DAF90}.Debug|Any CPU.ActiveCfg = Debug|Any CPU
		{D78A1557-DB30-434F-9D40-35160A4DAF90}.Debug|Any CPU.Build.0 = Debug|Any CPU
		{D78A1557-DB30-434F-9D40-35160A4DAF90}.Release|Any CPU.ActiveCfg = Release|Any CPU
		{D78A1557-DB30-434F-9D40-35160A4DAF90}.Release|Any CPU.Build.0 = Release|Any CPU
		{5275FE71-3F2C-449D-8A07-CE4D9D6FECAD}.Debug|Any CPU.ActiveCfg = Debug|Any CPU
		{5275FE71-3F2C-449D-8A07-CE4D9D6FECAD}.Debug|Any CPU.Build.0 = Debug|Any CPU
		{5275FE71-3F2C-449D-8A07-CE4D9D6FECAD}.Release|Any CPU.ActiveCfg = Release|Any CPU
		{5275FE71-3F2C-449D-8A07-CE4D9D6FECAD}.Release|Any CPU.Build.0 = Release|Any CPU
		{45977EB2-1F92-4A88-85CE-EED6715911C4}.Debug|Any CPU.ActiveCfg = Debug|Any CPU
		{45977EB2-1F92-4A88-85CE-EED6715911C4}.Debug|Any CPU.Build.0 = Debug|Any CPU
		{45977EB2-1F92-4A88-85CE-EED6715911C4}.Release|Any CPU.ActiveCfg = Release|Any CPU
		{45977EB2-1F92-4A88-85CE-EED6715911C4}.Release|Any CPU.Build.0 = Release|Any CPU
		{BD82992B-A5BB-46B3-8F43-86151B8D1101}.Debug|Any CPU.ActiveCfg = Debug|Any CPU
		{BD82992B-A5BB-46B3-8F43-86151B8D1101}.Debug|Any CPU.Build.0 = Debug|Any CPU
		{BD82992B-A5BB-46B3-8F43-86151B8D1101}.Release|Any CPU.ActiveCfg = Release|Any CPU
		{BD82992B-A5BB-46B3-8F43-86151B8D1101}.Release|Any CPU.Build.0 = Release|Any CPU
		{AAF2C0DE-3EB1-4E94-B483-E34878CC2720}.Debug|Any CPU.ActiveCfg = Debug|Any CPU
		{AAF2C0DE-3EB1-4E94-B483-E34878CC2720}.Debug|Any CPU.Build.0 = Debug|Any CPU
		{AAF2C0DE-3EB1-4E94-B483-E34878CC2720}.Release|Any CPU.ActiveCfg = Release|Any CPU
		{AAF2C0DE-3EB1-4E94-B483-E34878CC2720}.Release|Any CPU.Build.0 = Release|Any CPU
		{EB36E094-5E54-4F05-8EF2-2EDD48DE2628}.Debug|Any CPU.ActiveCfg = Debug|Any CPU
		{EB36E094-5E54-4F05-8EF2-2EDD48DE2628}.Debug|Any CPU.Build.0 = Debug|Any CPU
		{EB36E094-5E54-4F05-8EF2-2EDD48DE2628}.Release|Any CPU.ActiveCfg = Release|Any CPU
		{EB36E094-5E54-4F05-8EF2-2EDD48DE2628}.Release|Any CPU.Build.0 = Release|Any CPU
		{466DCC52-00BD-45AD-A9AD-DAF1B2A8638E}.Debug|Any CPU.ActiveCfg = Debug|Any CPU
		{466DCC52-00BD-45AD-A9AD-DAF1B2A8638E}.Debug|Any CPU.Build.0 = Debug|Any CPU
		{466DCC52-00BD-45AD-A9AD-DAF1B2A8638E}.Release|Any CPU.ActiveCfg = Release|Any CPU
		{466DCC52-00BD-45AD-A9AD-DAF1B2A8638E}.Release|Any CPU.Build.0 = Release|Any CPU
		{91ED9A40-142E-4F61-B823-3593C4EF260D}.Debug|Any CPU.ActiveCfg = Debug|Any CPU
		{91ED9A40-142E-4F61-B823-3593C4EF260D}.Debug|Any CPU.Build.0 = Debug|Any CPU
		{91ED9A40-142E-4F61-B823-3593C4EF260D}.Release|Any CPU.ActiveCfg = Release|Any CPU
		{91ED9A40-142E-4F61-B823-3593C4EF260D}.Release|Any CPU.Build.0 = Release|Any CPU
		{A0B88ABD-A76E-4052-94CD-6E49193F06D4}.Debug|Any CPU.ActiveCfg = Debug|Any CPU
		{A0B88ABD-A76E-4052-94CD-6E49193F06D4}.Debug|Any CPU.Build.0 = Debug|Any CPU
		{A0B88ABD-A76E-4052-94CD-6E49193F06D4}.Release|Any CPU.ActiveCfg = Release|Any CPU
		{A0B88ABD-A76E-4052-94CD-6E49193F06D4}.Release|Any CPU.Build.0 = Release|Any CPU
		{B141138E-F2F7-43A5-8428-D542FF4BA07A}.Debug|Any CPU.ActiveCfg = Debug|Any CPU
		{B141138E-F2F7-43A5-8428-D542FF4BA07A}.Debug|Any CPU.Build.0 = Debug|Any CPU
		{B141138E-F2F7-43A5-8428-D542FF4BA07A}.Release|Any CPU.ActiveCfg = Release|Any CPU
		{B141138E-F2F7-43A5-8428-D542FF4BA07A}.Release|Any CPU.Build.0 = Release|Any CPU
		{9615C0D8-823A-4E69-935F-32F3F44EFB09}.Debug|Any CPU.ActiveCfg = Debug|Any CPU
		{9615C0D8-823A-4E69-935F-32F3F44EFB09}.Debug|Any CPU.Build.0 = Debug|Any CPU
		{9615C0D8-823A-4E69-935F-32F3F44EFB09}.Release|Any CPU.ActiveCfg = Release|Any CPU
		{9615C0D8-823A-4E69-935F-32F3F44EFB09}.Release|Any CPU.Build.0 = Release|Any CPU
		{E12EE321-ADEF-4646-AF96-39D4CCCCAA49}.Debug|Any CPU.ActiveCfg = Debug|Any CPU
		{E12EE321-ADEF-4646-AF96-39D4CCCCAA49}.Debug|Any CPU.Build.0 = Debug|Any CPU
		{E12EE321-ADEF-4646-AF96-39D4CCCCAA49}.Release|Any CPU.ActiveCfg = Release|Any CPU
		{E12EE321-ADEF-4646-AF96-39D4CCCCAA49}.Release|Any CPU.Build.0 = Release|Any CPU
		{10651B10-C0D7-4805-8AA9-03F35502C415}.Debug|Any CPU.ActiveCfg = Debug|Any CPU
		{10651B10-C0D7-4805-8AA9-03F35502C415}.Debug|Any CPU.Build.0 = Debug|Any CPU
		{10651B10-C0D7-4805-8AA9-03F35502C415}.Release|Any CPU.ActiveCfg = Release|Any CPU
		{10651B10-C0D7-4805-8AA9-03F35502C415}.Release|Any CPU.Build.0 = Release|Any CPU
		{0D3E0858-A87D-4254-9192-25510F91A630}.Debug|Any CPU.ActiveCfg = Debug|Any CPU
		{0D3E0858-A87D-4254-9192-25510F91A630}.Debug|Any CPU.Build.0 = Debug|Any CPU
		{0D3E0858-A87D-4254-9192-25510F91A630}.Release|Any CPU.ActiveCfg = Release|Any CPU
		{0D3E0858-A87D-4254-9192-25510F91A630}.Release|Any CPU.Build.0 = Release|Any CPU
		{C4365CA5-CA1C-47D8-89D8-C03E16A82144}.Debug|Any CPU.ActiveCfg = Debug|Any CPU
		{C4365CA5-CA1C-47D8-89D8-C03E16A82144}.Debug|Any CPU.Build.0 = Debug|Any CPU
		{C4365CA5-CA1C-47D8-89D8-C03E16A82144}.Release|Any CPU.ActiveCfg = Release|Any CPU
		{C4365CA5-CA1C-47D8-89D8-C03E16A82144}.Release|Any CPU.Build.0 = Release|Any CPU
		{3B6CBE35-FC4D-4AFC-A6F9-09A7DB9B4378}.Debug|Any CPU.ActiveCfg = Debug|Any CPU
		{3B6CBE35-FC4D-4AFC-A6F9-09A7DB9B4378}.Debug|Any CPU.Build.0 = Debug|Any CPU
		{3B6CBE35-FC4D-4AFC-A6F9-09A7DB9B4378}.Release|Any CPU.ActiveCfg = Release|Any CPU
		{3B6CBE35-FC4D-4AFC-A6F9-09A7DB9B4378}.Release|Any CPU.Build.0 = Release|Any CPU
		{D134C540-432E-414B-82F4-72D084C20224}.Debug|Any CPU.ActiveCfg = Debug|Any CPU
		{D134C540-432E-414B-82F4-72D084C20224}.Debug|Any CPU.Build.0 = Debug|Any CPU
		{D134C540-432E-414B-82F4-72D084C20224}.Release|Any CPU.ActiveCfg = Release|Any CPU
		{D134C540-432E-414B-82F4-72D084C20224}.Release|Any CPU.Build.0 = Release|Any CPU
		{71C8B23F-6C05-4DE7-8ECA-5C4303AB402A}.Debug|Any CPU.ActiveCfg = Debug|Any CPU
		{71C8B23F-6C05-4DE7-8ECA-5C4303AB402A}.Debug|Any CPU.Build.0 = Debug|Any CPU
		{71C8B23F-6C05-4DE7-8ECA-5C4303AB402A}.Release|Any CPU.ActiveCfg = Release|Any CPU
		{71C8B23F-6C05-4DE7-8ECA-5C4303AB402A}.Release|Any CPU.Build.0 = Release|Any CPU
		{367138CF-7021-4354-B364-6A674AA8E4D5}.Debug|Any CPU.ActiveCfg = Debug|Any CPU
		{367138CF-7021-4354-B364-6A674AA8E4D5}.Debug|Any CPU.Build.0 = Debug|Any CPU
		{367138CF-7021-4354-B364-6A674AA8E4D5}.Release|Any CPU.ActiveCfg = Release|Any CPU
		{367138CF-7021-4354-B364-6A674AA8E4D5}.Release|Any CPU.Build.0 = Release|Any CPU
		{51504E3A-4A98-45D9-B64B-C657E7CC95B9}.Debug|Any CPU.ActiveCfg = Debug|Any CPU
		{51504E3A-4A98-45D9-B64B-C657E7CC95B9}.Debug|Any CPU.Build.0 = Debug|Any CPU
		{51504E3A-4A98-45D9-B64B-C657E7CC95B9}.Release|Any CPU.ActiveCfg = Release|Any CPU
		{51504E3A-4A98-45D9-B64B-C657E7CC95B9}.Release|Any CPU.Build.0 = Release|Any CPU
		{8CBF3A9D-D792-4ECC-92A3-0E2782673234}.Debug|Any CPU.ActiveCfg = Debug|Any CPU
		{8CBF3A9D-D792-4ECC-92A3-0E2782673234}.Debug|Any CPU.Build.0 = Debug|Any CPU
		{8CBF3A9D-D792-4ECC-92A3-0E2782673234}.Release|Any CPU.ActiveCfg = Release|Any CPU
		{8CBF3A9D-D792-4ECC-92A3-0E2782673234}.Release|Any CPU.Build.0 = Release|Any CPU
		{22303F7C-8C80-4381-AA31-D1A260E37F2F}.Debug|Any CPU.ActiveCfg = Debug|Any CPU
		{22303F7C-8C80-4381-AA31-D1A260E37F2F}.Debug|Any CPU.Build.0 = Debug|Any CPU
		{22303F7C-8C80-4381-AA31-D1A260E37F2F}.Release|Any CPU.ActiveCfg = Release|Any CPU
		{22303F7C-8C80-4381-AA31-D1A260E37F2F}.Release|Any CPU.Build.0 = Release|Any CPU
		{48A4309F-4E43-419D-8ECD-E8A441359E83}.Debug|Any CPU.ActiveCfg = Debug|Any CPU
		{48A4309F-4E43-419D-8ECD-E8A441359E83}.Debug|Any CPU.Build.0 = Debug|Any CPU
		{48A4309F-4E43-419D-8ECD-E8A441359E83}.Release|Any CPU.ActiveCfg = Release|Any CPU
		{48A4309F-4E43-419D-8ECD-E8A441359E83}.Release|Any CPU.Build.0 = Release|Any CPU
		{D5027177-A81C-44F1-9F12-7C7CDFB6C458}.Debug|Any CPU.ActiveCfg = Debug|Any CPU
		{D5027177-A81C-44F1-9F12-7C7CDFB6C458}.Debug|Any CPU.Build.0 = Debug|Any CPU
		{D5027177-A81C-44F1-9F12-7C7CDFB6C458}.Release|Any CPU.ActiveCfg = Release|Any CPU
		{D5027177-A81C-44F1-9F12-7C7CDFB6C458}.Release|Any CPU.Build.0 = Release|Any CPU
		{6A2EF45B-F734-4A5F-8D67-90443EB39056}.Debug|Any CPU.ActiveCfg = Debug|Any CPU
		{6A2EF45B-F734-4A5F-8D67-90443EB39056}.Debug|Any CPU.Build.0 = Debug|Any CPU
		{6A2EF45B-F734-4A5F-8D67-90443EB39056}.Release|Any CPU.ActiveCfg = Release|Any CPU
		{6A2EF45B-F734-4A5F-8D67-90443EB39056}.Release|Any CPU.Build.0 = Release|Any CPU
		{60D0B686-63FF-43E3-A62A-CB55AFA914FA}.Debug|Any CPU.ActiveCfg = Debug|Any CPU
		{60D0B686-63FF-43E3-A62A-CB55AFA914FA}.Debug|Any CPU.Build.0 = Debug|Any CPU
		{60D0B686-63FF-43E3-A62A-CB55AFA914FA}.Release|Any CPU.ActiveCfg = Release|Any CPU
		{60D0B686-63FF-43E3-A62A-CB55AFA914FA}.Release|Any CPU.Build.0 = Release|Any CPU
		{5A14F5E8-1C62-45A4-822B-8DA61A687489}.Debug|Any CPU.ActiveCfg = Debug|Any CPU
		{5A14F5E8-1C62-45A4-822B-8DA61A687489}.Debug|Any CPU.Build.0 = Debug|Any CPU
		{5A14F5E8-1C62-45A4-822B-8DA61A687489}.Release|Any CPU.ActiveCfg = Release|Any CPU
		{5A14F5E8-1C62-45A4-822B-8DA61A687489}.Release|Any CPU.Build.0 = Release|Any CPU
		{744CC343-6169-4C7E-9992-84320BE5C08D}.Debug|Any CPU.ActiveCfg = Debug|Any CPU
		{744CC343-6169-4C7E-9992-84320BE5C08D}.Debug|Any CPU.Build.0 = Debug|Any CPU
		{744CC343-6169-4C7E-9992-84320BE5C08D}.Release|Any CPU.ActiveCfg = Release|Any CPU
		{744CC343-6169-4C7E-9992-84320BE5C08D}.Release|Any CPU.Build.0 = Release|Any CPU
		{89B79C54-44BA-4860-AF02-D31950149662}.Debug|Any CPU.ActiveCfg = Debug|Any CPU
		{89B79C54-44BA-4860-AF02-D31950149662}.Debug|Any CPU.Build.0 = Debug|Any CPU
		{89B79C54-44BA-4860-AF02-D31950149662}.Release|Any CPU.ActiveCfg = Release|Any CPU
		{89B79C54-44BA-4860-AF02-D31950149662}.Release|Any CPU.Build.0 = Release|Any CPU
		{AEBF6DEB-938D-431D-86AE-E6318BF8454E}.Debug|Any CPU.ActiveCfg = Debug|Any CPU
		{AEBF6DEB-938D-431D-86AE-E6318BF8454E}.Debug|Any CPU.Build.0 = Debug|Any CPU
		{AEBF6DEB-938D-431D-86AE-E6318BF8454E}.Release|Any CPU.ActiveCfg = Release|Any CPU
		{AEBF6DEB-938D-431D-86AE-E6318BF8454E}.Release|Any CPU.Build.0 = Release|Any CPU
	EndGlobalSection
	GlobalSection(SolutionProperties) = preSolution
		HideSolutionNode = FALSE
	EndGlobalSection
	GlobalSection(NestedProjects) = preSolution
		{77D0C1C7-A06B-4E05-9458-873709BD4BFD} = {44C682DF-E1C9-4394-813D-0CB989CD9262}
		{AA5CB577-831E-40F5-AABD-AFF7C56F8A57} = {44C682DF-E1C9-4394-813D-0CB989CD9262}
		{1A0A5FD8-8FC2-4ECA-8EB0-BAC6DF70E7BF} = {0458C07F-2B31-4DB7-97E4-315800A0B2C0}
		{CAFB081F-E8AC-4A0F-A9EA-EE641A5254A8} = {0458C07F-2B31-4DB7-97E4-315800A0B2C0}
		{F934B55C-79B7-4C89-929E-1651D392E609} = {0458C07F-2B31-4DB7-97E4-315800A0B2C0}
		{9CAF1E8C-A9B8-45AF-A457-C8A5010A5772} = {0458C07F-2B31-4DB7-97E4-315800A0B2C0}
		{36234DA2-59A9-48C9-B564-EC6C19620F03} = {0458C07F-2B31-4DB7-97E4-315800A0B2C0}
		{D78A1557-DB30-434F-9D40-35160A4DAF90} = {7892F519-CF95-407D-823E-C912E3E8BFAA}
		{5275FE71-3F2C-449D-8A07-CE4D9D6FECAD} = {7892F519-CF95-407D-823E-C912E3E8BFAA}
		{45977EB2-1F92-4A88-85CE-EED6715911C4} = {7892F519-CF95-407D-823E-C912E3E8BFAA}
		{BD82992B-A5BB-46B3-8F43-86151B8D1101} = {7892F519-CF95-407D-823E-C912E3E8BFAA}
		{AAF2C0DE-3EB1-4E94-B483-E34878CC2720} = {A718291C-B218-4283-837F-43CF360568AC}
		{EB36E094-5E54-4F05-8EF2-2EDD48DE2628} = {7892F519-CF95-407D-823E-C912E3E8BFAA}
		{466DCC52-00BD-45AD-A9AD-DAF1B2A8638E} = {A718291C-B218-4283-837F-43CF360568AC}
		{91ED9A40-142E-4F61-B823-3593C4EF260D} = {A718291C-B218-4283-837F-43CF360568AC}
		{A0B88ABD-A76E-4052-94CD-6E49193F06D4} = {7892F519-CF95-407D-823E-C912E3E8BFAA}
		{B141138E-F2F7-43A5-8428-D542FF4BA07A} = {4AA51D7D-BA22-4F16-A2A3-8BD526E4CE19}
		{9615C0D8-823A-4E69-935F-32F3F44EFB09} = {4AA51D7D-BA22-4F16-A2A3-8BD526E4CE19}
		{E12EE321-ADEF-4646-AF96-39D4CCCCAA49} = {4AA51D7D-BA22-4F16-A2A3-8BD526E4CE19}
		{10651B10-C0D7-4805-8AA9-03F35502C415} = {4AA51D7D-BA22-4F16-A2A3-8BD526E4CE19}
		{0D3E0858-A87D-4254-9192-25510F91A630} = {4AA51D7D-BA22-4F16-A2A3-8BD526E4CE19}
		{C4365CA5-CA1C-47D8-89D8-C03E16A82144} = {4AA51D7D-BA22-4F16-A2A3-8BD526E4CE19}
		{3B6CBE35-FC4D-4AFC-A6F9-09A7DB9B4378} = {4AA51D7D-BA22-4F16-A2A3-8BD526E4CE19}
		{D134C540-432E-414B-82F4-72D084C20224} = {747633C8-D663-4492-9F60-E01A9F09A1CA}
		{71C8B23F-6C05-4DE7-8ECA-5C4303AB402A} = {747633C8-D663-4492-9F60-E01A9F09A1CA}
		{367138CF-7021-4354-B364-6A674AA8E4D5} = {747633C8-D663-4492-9F60-E01A9F09A1CA}
		{51504E3A-4A98-45D9-B64B-C657E7CC95B9} = {747633C8-D663-4492-9F60-E01A9F09A1CA}
		{8CBF3A9D-D792-4ECC-92A3-0E2782673234} = {747633C8-D663-4492-9F60-E01A9F09A1CA}
		{22303F7C-8C80-4381-AA31-D1A260E37F2F} = {747633C8-D663-4492-9F60-E01A9F09A1CA}
		{48A4309F-4E43-419D-8ECD-E8A441359E83} = {747633C8-D663-4492-9F60-E01A9F09A1CA}
		{D5027177-A81C-44F1-9F12-7C7CDFB6C458} = {82AE1F6C-47FF-4067-89F3-87EBEFDA524C}
		{6A2EF45B-F734-4A5F-8D67-90443EB39056} = {82AE1F6C-47FF-4067-89F3-87EBEFDA524C}
		{60D0B686-63FF-43E3-A62A-CB55AFA914FA} = {1A43B032-6F8C-45F8-AFB2-916012D88630}
		{5A14F5E8-1C62-45A4-822B-8DA61A687489} = {1A43B032-6F8C-45F8-AFB2-916012D88630}
		{744CC343-6169-4C7E-9992-84320BE5C08D} = {1A43B032-6F8C-45F8-AFB2-916012D88630}
		{89B79C54-44BA-4860-AF02-D31950149662} = {1A43B032-6F8C-45F8-AFB2-916012D88630}
		{AEBF6DEB-938D-431D-86AE-E6318BF8454E} = {1A43B032-6F8C-45F8-AFB2-916012D88630}
	EndGlobalSection
EndGlobal
